
Microsoft Visual Studio Solution File, Format Version 12.00
# Visual Studio 15
VisualStudioVersion = 15.0.28307.136
MinimumVisualStudioVersion = 10.0.40219.1
Project("{9A19103F-16F7-4668-BE54-9A1E7A4F7556}") = "ailogica.Azure.Helpers", "ailogica.Azure.Helpers.csproj", "{FD4D43C0-6029-4325-81DD-1FFEEB0B4642}"
EndProject
Global
	GlobalSection(SolutionConfigurationPlatforms) = preSolution
		Debug|Any CPU = Debug|Any CPU
		Release|Any CPU = Release|Any CPU
	EndGlobalSection
	GlobalSection(ProjectConfigurationPlatforms) = postSolution
		{FD4D43C0-6029-4325-81DD-1FFEEB0B4642}.Debug|Any CPU.ActiveCfg = Debug|Any CPU
		{FD4D43C0-6029-4325-81DD-1FFEEB0B4642}.Debug|Any CPU.Build.0 = Debug|Any CPU
		{FD4D43C0-6029-4325-81DD-1FFEEB0B4642}.Release|Any CPU.ActiveCfg = Release|Any CPU
		{FD4D43C0-6029-4325-81DD-1FFEEB0B4642}.Release|Any CPU.Build.0 = Release|Any CPU
	EndGlobalSection
	GlobalSection(SolutionProperties) = preSolution
		HideSolutionNode = FALSE
	EndGlobalSection
	GlobalSection(ExtensibilityGlobals) = postSolution
		SolutionGuid = {343C437E-AB7E-4A43-B2C4-5E3D9413D4C3}
	EndGlobalSection
EndGlobal
